
Microsoft Visual Studio Solution File, Format Version 12.00
# Visual Studio 15
VisualStudioVersion = 15.0.28307.271
MinimumVisualStudioVersion = 10.0.40219.1
Project("{FAE04EC0-301F-11D3-BF4B-00C04F79EFBC}") = "Prueba.Android", "Prueba\Prueba.Android\Prueba.Android.csproj", "{F2D291AA-C4C7-4B09-B1D4-8489471A7645}"
EndProject
Project("{FAE04EC0-301F-11D3-BF4B-00C04F79EFBC}") = "Prueba.iOS", "Prueba\Prueba.iOS\Prueba.iOS.csproj", "{3EF00DFB-5AAB-4A0F-8587-B7A7A3795C05}"
EndProject
Project("{FAE04EC0-301F-11D3-BF4B-00C04F79EFBC}") = "Prueba.UWP", "Prueba\Prueba.UWP\Prueba.UWP.csproj", "{E00F36A4-9928-428A-A048-81BE32729D21}"
EndProject
Project("{FAE04EC0-301F-11D3-BF4B-00C04F79EFBC}") = "Prueba", "Prueba\Prueba\Prueba.csproj", "{08B7454B-5878-40D1-9B39-B605AC2E384F}"
EndProject
Project("{FAE04EC0-301F-11D3-BF4B-00C04F79EFBC}") = "Prueba.Backend", "Prueba.Backend\Prueba.Backend.csproj", "{D7A2F450-1773-47C5-A231-3A8E9357B510}"
EndProject
Project("{FAE04EC0-301F-11D3-BF4B-00C04F79EFBC}") = "Prueba.API", "Prueba.API\Prueba.API.csproj", "{9F3E8317-CA4B-4215-95EC-449F61012019}"
EndProject
Project("{FAE04EC0-301F-11D3-BF4B-00C04F79EFBC}") = "Prueba.Domain", "Prueba.Domain\Prueba.Domain.csproj", "{F75088CA-4856-4EE4-9A12-BDFB18CE47EF}"
EndProject
Project("{FAE04EC0-301F-11D3-BF4B-00C04F79EFBC}") = "Prueba.Common", "Prueba.Common\Prueba.Common.csproj", "{8A63ADB3-3F55-4B28-9C0A-1287796B93BA}"
EndProject
Global
	GlobalSection(SolutionConfigurationPlatforms) = preSolution
		Ad-Hoc|Any CPU = Ad-Hoc|Any CPU
		Ad-Hoc|ARM = Ad-Hoc|ARM
		Ad-Hoc|iPhone = Ad-Hoc|iPhone
		Ad-Hoc|iPhoneSimulator = Ad-Hoc|iPhoneSimulator
		Ad-Hoc|x64 = Ad-Hoc|x64
		Ad-Hoc|x86 = Ad-Hoc|x86
		AppStore|Any CPU = AppStore|Any CPU
		AppStore|ARM = AppStore|ARM
		AppStore|iPhone = AppStore|iPhone
		AppStore|iPhoneSimulator = AppStore|iPhoneSimulator
		AppStore|x64 = AppStore|x64
		AppStore|x86 = AppStore|x86
		Debug|Any CPU = Debug|Any CPU
		Debug|ARM = Debug|ARM
		Debug|iPhone = Debug|iPhone
		Debug|iPhoneSimulator = Debug|iPhoneSimulator
		Debug|x64 = Debug|x64
		Debug|x86 = Debug|x86
		Release|Any CPU = Release|Any CPU
		Release|ARM = Release|ARM
		Release|iPhone = Release|iPhone
		Release|iPhoneSimulator = Release|iPhoneSimulator
		Release|x64 = Release|x64
		Release|x86 = Release|x86
	EndGlobalSection
	GlobalSection(ProjectConfigurationPlatforms) = postSolution
		{F2D291AA-C4C7-4B09-B1D4-8489471A7645}.Ad-Hoc|Any CPU.ActiveCfg = Release|Any CPU
		{F2D291AA-C4C7-4B09-B1D4-8489471A7645}.Ad-Hoc|Any CPU.Build.0 = Release|Any CPU
		{F2D291AA-C4C7-4B09-B1D4-8489471A7645}.Ad-Hoc|Any CPU.Deploy.0 = Release|Any CPU
		{F2D291AA-C4C7-4B09-B1D4-8489471A7645}.Ad-Hoc|ARM.ActiveCfg = Release|Any CPU
		{F2D291AA-C4C7-4B09-B1D4-8489471A7645}.Ad-Hoc|ARM.Build.0 = Release|Any CPU
		{F2D291AA-C4C7-4B09-B1D4-8489471A7645}.Ad-Hoc|ARM.Deploy.0 = Release|Any CPU
		{F2D291AA-C4C7-4B09-B1D4-8489471A7645}.Ad-Hoc|iPhone.ActiveCfg = Release|Any CPU
		{F2D291AA-C4C7-4B09-B1D4-8489471A7645}.Ad-Hoc|iPhone.Build.0 = Release|Any CPU
		{F2D291AA-C4C7-4B09-B1D4-8489471A7645}.Ad-Hoc|iPhone.Deploy.0 = Release|Any CPU
		{F2D291AA-C4C7-4B09-B1D4-8489471A7645}.Ad-Hoc|iPhoneSimulator.ActiveCfg = Release|Any CPU
		{F2D291AA-C4C7-4B09-B1D4-8489471A7645}.Ad-Hoc|iPhoneSimulator.Build.0 = Release|Any CPU
		{F2D291AA-C4C7-4B09-B1D4-8489471A7645}.Ad-Hoc|iPhoneSimulator.Deploy.0 = Release|Any CPU
		{F2D291AA-C4C7-4B09-B1D4-8489471A7645}.Ad-Hoc|x64.ActiveCfg = Release|Any CPU
		{F2D291AA-C4C7-4B09-B1D4-8489471A7645}.Ad-Hoc|x64.Build.0 = Release|Any CPU
		{F2D291AA-C4C7-4B09-B1D4-8489471A7645}.Ad-Hoc|x64.Deploy.0 = Release|Any CPU
		{F2D291AA-C4C7-4B09-B1D4-8489471A7645}.Ad-Hoc|x86.ActiveCfg = Release|Any CPU
		{F2D291AA-C4C7-4B09-B1D4-8489471A7645}.Ad-Hoc|x86.Build.0 = Release|Any CPU
		{F2D291AA-C4C7-4B09-B1D4-8489471A7645}.Ad-Hoc|x86.Deploy.0 = Release|Any CPU
		{F2D291AA-C4C7-4B09-B1D4-8489471A7645}.AppStore|Any CPU.ActiveCfg = Release|Any CPU
		{F2D291AA-C4C7-4B09-B1D4-8489471A7645}.AppStore|Any CPU.Build.0 = Release|Any CPU
		{F2D291AA-C4C7-4B09-B1D4-8489471A7645}.AppStore|Any CPU.Deploy.0 = Release|Any CPU
		{F2D291AA-C4C7-4B09-B1D4-8489471A7645}.AppStore|ARM.ActiveCfg = Release|Any CPU
		{F2D291AA-C4C7-4B09-B1D4-8489471A7645}.AppStore|ARM.Build.0 = Release|Any CPU
		{F2D291AA-C4C7-4B09-B1D4-8489471A7645}.AppStore|ARM.Deploy.0 = Release|Any CPU
		{F2D291AA-C4C7-4B09-B1D4-8489471A7645}.AppStore|iPhone.ActiveCfg = Release|Any CPU
		{F2D291AA-C4C7-4B09-B1D4-8489471A7645}.AppStore|iPhone.Build.0 = Release|Any CPU
		{F2D291AA-C4C7-4B09-B1D4-8489471A7645}.AppStore|iPhone.Deploy.0 = Release|Any CPU
		{F2D291AA-C4C7-4B09-B1D4-8489471A7645}.AppStore|iPhoneSimulator.ActiveCfg = Release|Any CPU
		{F2D291AA-C4C7-4B09-B1D4-8489471A7645}.AppStore|iPhoneSimulator.Build.0 = Release|Any CPU
		{F2D291AA-C4C7-4B09-B1D4-8489471A7645}.AppStore|iPhoneSimulator.Deploy.0 = Release|Any CPU
		{F2D291AA-C4C7-4B09-B1D4-8489471A7645}.AppStore|x64.ActiveCfg = Release|Any CPU
		{F2D291AA-C4C7-4B09-B1D4-8489471A7645}.AppStore|x64.Build.0 = Release|Any CPU
		{F2D291AA-C4C7-4B09-B1D4-8489471A7645}.AppStore|x64.Deploy.0 = Release|Any CPU
		{F2D291AA-C4C7-4B09-B1D4-8489471A7645}.AppStore|x86.ActiveCfg = Release|Any CPU
		{F2D291AA-C4C7-4B09-B1D4-8489471A7645}.AppStore|x86.Build.0 = Release|Any CPU
		{F2D291AA-C4C7-4B09-B1D4-8489471A7645}.AppStore|x86.Deploy.0 = Release|Any CPU
		{F2D291AA-C4C7-4B09-B1D4-8489471A7645}.Debug|Any CPU.ActiveCfg = Debug|Any CPU
		{F2D291AA-C4C7-4B09-B1D4-8489471A7645}.Debug|Any CPU.Build.0 = Debug|Any CPU
		{F2D291AA-C4C7-4B09-B1D4-8489471A7645}.Debug|Any CPU.Deploy.0 = Debug|Any CPU
		{F2D291AA-C4C7-4B09-B1D4-8489471A7645}.Debug|ARM.ActiveCfg = Debug|Any CPU
		{F2D291AA-C4C7-4B09-B1D4-8489471A7645}.Debug|ARM.Build.0 = Debug|Any CPU
		{F2D291AA-C4C7-4B09-B1D4-8489471A7645}.Debug|ARM.Deploy.0 = Debug|Any CPU
		{F2D291AA-C4C7-4B09-B1D4-8489471A7645}.Debug|iPhone.ActiveCfg = Debug|Any CPU
		{F2D291AA-C4C7-4B09-B1D4-8489471A7645}.Debug|iPhone.Build.0 = Debug|Any CPU
		{F2D291AA-C4C7-4B09-B1D4-8489471A7645}.Debug|iPhone.Deploy.0 = Debug|Any CPU
		{F2D291AA-C4C7-4B09-B1D4-8489471A7645}.Debug|iPhoneSimulator.ActiveCfg = Debug|Any CPU
		{F2D291AA-C4C7-4B09-B1D4-8489471A7645}.Debug|iPhoneSimulator.Build.0 = Debug|Any CPU
		{F2D291AA-C4C7-4B09-B1D4-8489471A7645}.Debug|iPhoneSimulator.Deploy.0 = Debug|Any CPU
		{F2D291AA-C4C7-4B09-B1D4-8489471A7645}.Debug|x64.ActiveCfg = Debug|Any CPU
		{F2D291AA-C4C7-4B09-B1D4-8489471A7645}.Debug|x64.Build.0 = Debug|Any CPU
		{F2D291AA-C4C7-4B09-B1D4-8489471A7645}.Debug|x64.Deploy.0 = Debug|Any CPU
		{F2D291AA-C4C7-4B09-B1D4-8489471A7645}.Debug|x86.ActiveCfg = Debug|Any CPU
		{F2D291AA-C4C7-4B09-B1D4-8489471A7645}.Debug|x86.Build.0 = Debug|Any CPU
		{F2D291AA-C4C7-4B09-B1D4-8489471A7645}.Debug|x86.Deploy.0 = Debug|Any CPU
		{F2D291AA-C4C7-4B09-B1D4-8489471A7645}.Release|Any CPU.ActiveCfg = Release|Any CPU
		{F2D291AA-C4C7-4B09-B1D4-8489471A7645}.Release|Any CPU.Build.0 = Release|Any CPU
		{F2D291AA-C4C7-4B09-B1D4-8489471A7645}.Release|Any CPU.Deploy.0 = Release|Any CPU
		{F2D291AA-C4C7-4B09-B1D4-8489471A7645}.Release|ARM.ActiveCfg = Release|Any CPU
		{F2D291AA-C4C7-4B09-B1D4-8489471A7645}.Release|ARM.Build.0 = Release|Any CPU
		{F2D291AA-C4C7-4B09-B1D4-8489471A7645}.Release|ARM.Deploy.0 = Release|Any CPU
		{F2D291AA-C4C7-4B09-B1D4-8489471A7645}.Release|iPhone.ActiveCfg = Release|Any CPU
		{F2D291AA-C4C7-4B09-B1D4-8489471A7645}.Release|iPhone.Build.0 = Release|Any CPU
		{F2D291AA-C4C7-4B09-B1D4-8489471A7645}.Release|iPhone.Deploy.0 = Release|Any CPU
		{F2D291AA-C4C7-4B09-B1D4-8489471A7645}.Release|iPhoneSimulator.ActiveCfg = Release|Any CPU
		{F2D291AA-C4C7-4B09-B1D4-8489471A7645}.Release|iPhoneSimulator.Build.0 = Release|Any CPU
		{F2D291AA-C4C7-4B09-B1D4-8489471A7645}.Release|iPhoneSimulator.Deploy.0 = Release|Any CPU
		{F2D291AA-C4C7-4B09-B1D4-8489471A7645}.Release|x64.ActiveCfg = Release|Any CPU
		{F2D291AA-C4C7-4B09-B1D4-8489471A7645}.Release|x64.Build.0 = Release|Any CPU
		{F2D291AA-C4C7-4B09-B1D4-8489471A7645}.Release|x64.Deploy.0 = Release|Any CPU
		{F2D291AA-C4C7-4B09-B1D4-8489471A7645}.Release|x86.ActiveCfg = Release|Any CPU
		{F2D291AA-C4C7-4B09-B1D4-8489471A7645}.Release|x86.Build.0 = Release|Any CPU
		{F2D291AA-C4C7-4B09-B1D4-8489471A7645}.Release|x86.Deploy.0 = Release|Any CPU
		{3EF00DFB-5AAB-4A0F-8587-B7A7A3795C05}.Ad-Hoc|Any CPU.ActiveCfg = Ad-Hoc|iPhone
		{3EF00DFB-5AAB-4A0F-8587-B7A7A3795C05}.Ad-Hoc|Any CPU.Build.0 = Ad-Hoc|iPhone
		{3EF00DFB-5AAB-4A0F-8587-B7A7A3795C05}.Ad-Hoc|Any CPU.Deploy.0 = Ad-Hoc|iPhone
		{3EF00DFB-5AAB-4A0F-8587-B7A7A3795C05}.Ad-Hoc|ARM.ActiveCfg = Ad-Hoc|iPhone
		{3EF00DFB-5AAB-4A0F-8587-B7A7A3795C05}.Ad-Hoc|ARM.Build.0 = Ad-Hoc|iPhone
		{3EF00DFB-5AAB-4A0F-8587-B7A7A3795C05}.Ad-Hoc|ARM.Deploy.0 = Ad-Hoc|iPhone
		{3EF00DFB-5AAB-4A0F-8587-B7A7A3795C05}.Ad-Hoc|iPhone.ActiveCfg = Ad-Hoc|iPhone
		{3EF00DFB-5AAB-4A0F-8587-B7A7A3795C05}.Ad-Hoc|iPhone.Build.0 = Ad-Hoc|iPhone
		{3EF00DFB-5AAB-4A0F-8587-B7A7A3795C05}.Ad-Hoc|iPhone.Deploy.0 = Ad-Hoc|iPhone
		{3EF00DFB-5AAB-4A0F-8587-B7A7A3795C05}.Ad-Hoc|iPhoneSimulator.ActiveCfg = Ad-Hoc|iPhoneSimulator
		{3EF00DFB-5AAB-4A0F-8587-B7A7A3795C05}.Ad-Hoc|iPhoneSimulator.Build.0 = Ad-Hoc|iPhoneSimulator
		{3EF00DFB-5AAB-4A0F-8587-B7A7A3795C05}.Ad-Hoc|iPhoneSimulator.Deploy.0 = Ad-Hoc|iPhoneSimulator
		{3EF00DFB-5AAB-4A0F-8587-B7A7A3795C05}.Ad-Hoc|x64.ActiveCfg = Ad-Hoc|iPhone
		{3EF00DFB-5AAB-4A0F-8587-B7A7A3795C05}.Ad-Hoc|x64.Build.0 = Ad-Hoc|iPhone
		{3EF00DFB-5AAB-4A0F-8587-B7A7A3795C05}.Ad-Hoc|x64.Deploy.0 = Ad-Hoc|iPhone
		{3EF00DFB-5AAB-4A0F-8587-B7A7A3795C05}.Ad-Hoc|x86.ActiveCfg = Ad-Hoc|iPhone
		{3EF00DFB-5AAB-4A0F-8587-B7A7A3795C05}.Ad-Hoc|x86.Build.0 = Ad-Hoc|iPhone
		{3EF00DFB-5AAB-4A0F-8587-B7A7A3795C05}.Ad-Hoc|x86.Deploy.0 = Ad-Hoc|iPhone
		{3EF00DFB-5AAB-4A0F-8587-B7A7A3795C05}.AppStore|Any CPU.ActiveCfg = AppStore|iPhone
		{3EF00DFB-5AAB-4A0F-8587-B7A7A3795C05}.AppStore|Any CPU.Build.0 = AppStore|iPhone
		{3EF00DFB-5AAB-4A0F-8587-B7A7A3795C05}.AppStore|Any CPU.Deploy.0 = AppStore|iPhone
		{3EF00DFB-5AAB-4A0F-8587-B7A7A3795C05}.AppStore|ARM.ActiveCfg = AppStore|iPhone
		{3EF00DFB-5AAB-4A0F-8587-B7A7A3795C05}.AppStore|ARM.Build.0 = AppStore|iPhone
		{3EF00DFB-5AAB-4A0F-8587-B7A7A3795C05}.AppStore|ARM.Deploy.0 = AppStore|iPhone
		{3EF00DFB-5AAB-4A0F-8587-B7A7A3795C05}.AppStore|iPhone.ActiveCfg = AppStore|iPhone
		{3EF00DFB-5AAB-4A0F-8587-B7A7A3795C05}.AppStore|iPhone.Build.0 = AppStore|iPhone
		{3EF00DFB-5AAB-4A0F-8587-B7A7A3795C05}.AppStore|iPhone.Deploy.0 = AppStore|iPhone
		{3EF00DFB-5AAB-4A0F-8587-B7A7A3795C05}.AppStore|iPhoneSimulator.ActiveCfg = AppStore|iPhoneSimulator
		{3EF00DFB-5AAB-4A0F-8587-B7A7A3795C05}.AppStore|iPhoneSimulator.Build.0 = AppStore|iPhoneSimulator
		{3EF00DFB-5AAB-4A0F-8587-B7A7A3795C05}.AppStore|iPhoneSimulator.Deploy.0 = AppStore|iPhoneSimulator
		{3EF00DFB-5AAB-4A0F-8587-B7A7A3795C05}.AppStore|x64.ActiveCfg = AppStore|iPhone
		{3EF00DFB-5AAB-4A0F-8587-B7A7A3795C05}.AppStore|x64.Build.0 = AppStore|iPhone
		{3EF00DFB-5AAB-4A0F-8587-B7A7A3795C05}.AppStore|x64.Deploy.0 = AppStore|iPhone
		{3EF00DFB-5AAB-4A0F-8587-B7A7A3795C05}.AppStore|x86.ActiveCfg = AppStore|iPhone
		{3EF00DFB-5AAB-4A0F-8587-B7A7A3795C05}.AppStore|x86.Build.0 = AppStore|iPhone
		{3EF00DFB-5AAB-4A0F-8587-B7A7A3795C05}.AppStore|x86.Deploy.0 = AppStore|iPhone
		{3EF00DFB-5AAB-4A0F-8587-B7A7A3795C05}.Debug|Any CPU.ActiveCfg = Debug|iPhoneSimulator
		{3EF00DFB-5AAB-4A0F-8587-B7A7A3795C05}.Debug|Any CPU.Build.0 = Debug|iPhoneSimulator
		{3EF00DFB-5AAB-4A0F-8587-B7A7A3795C05}.Debug|Any CPU.Deploy.0 = Debug|iPhoneSimulator
		{3EF00DFB-5AAB-4A0F-8587-B7A7A3795C05}.Debug|ARM.ActiveCfg = Debug|iPhone
		{3EF00DFB-5AAB-4A0F-8587-B7A7A3795C05}.Debug|ARM.Build.0 = Debug|iPhone
		{3EF00DFB-5AAB-4A0F-8587-B7A7A3795C05}.Debug|ARM.Deploy.0 = Debug|iPhone
		{3EF00DFB-5AAB-4A0F-8587-B7A7A3795C05}.Debug|iPhone.ActiveCfg = Debug|iPhone
		{3EF00DFB-5AAB-4A0F-8587-B7A7A3795C05}.Debug|iPhone.Build.0 = Debug|iPhone
		{3EF00DFB-5AAB-4A0F-8587-B7A7A3795C05}.Debug|iPhone.Deploy.0 = Debug|iPhone
		{3EF00DFB-5AAB-4A0F-8587-B7A7A3795C05}.Debug|iPhoneSimulator.ActiveCfg = Debug|iPhoneSimulator
		{3EF00DFB-5AAB-4A0F-8587-B7A7A3795C05}.Debug|iPhoneSimulator.Build.0 = Debug|iPhoneSimulator
		{3EF00DFB-5AAB-4A0F-8587-B7A7A3795C05}.Debug|iPhoneSimulator.Deploy.0 = Debug|iPhoneSimulator
		{3EF00DFB-5AAB-4A0F-8587-B7A7A3795C05}.Debug|x64.ActiveCfg = Debug|iPhone
		{3EF00DFB-5AAB-4A0F-8587-B7A7A3795C05}.Debug|x64.Build.0 = Debug|iPhone
		{3EF00DFB-5AAB-4A0F-8587-B7A7A3795C05}.Debug|x64.Deploy.0 = Debug|iPhone
		{3EF00DFB-5AAB-4A0F-8587-B7A7A3795C05}.Debug|x86.ActiveCfg = Debug|iPhone
		{3EF00DFB-5AAB-4A0F-8587-B7A7A3795C05}.Debug|x86.Build.0 = Debug|iPhone
		{3EF00DFB-5AAB-4A0F-8587-B7A7A3795C05}.Debug|x86.Deploy.0 = Debug|iPhone
		{3EF00DFB-5AAB-4A0F-8587-B7A7A3795C05}.Release|Any CPU.ActiveCfg = Release|iPhone
		{3EF00DFB-5AAB-4A0F-8587-B7A7A3795C05}.Release|Any CPU.Build.0 = Release|iPhone
		{3EF00DFB-5AAB-4A0F-8587-B7A7A3795C05}.Release|Any CPU.Deploy.0 = Release|iPhone
		{3EF00DFB-5AAB-4A0F-8587-B7A7A3795C05}.Release|ARM.ActiveCfg = Release|iPhone
		{3EF00DFB-5AAB-4A0F-8587-B7A7A3795C05}.Release|ARM.Build.0 = Release|iPhone
		{3EF00DFB-5AAB-4A0F-8587-B7A7A3795C05}.Release|ARM.Deploy.0 = Release|iPhone
		{3EF00DFB-5AAB-4A0F-8587-B7A7A3795C05}.Release|iPhone.ActiveCfg = Release|iPhone
		{3EF00DFB-5AAB-4A0F-8587-B7A7A3795C05}.Release|iPhone.Build.0 = Release|iPhone
		{3EF00DFB-5AAB-4A0F-8587-B7A7A3795C05}.Release|iPhone.Deploy.0 = Release|iPhone
		{3EF00DFB-5AAB-4A0F-8587-B7A7A3795C05}.Release|iPhoneSimulator.ActiveCfg = Release|iPhoneSimulator
		{3EF00DFB-5AAB-4A0F-8587-B7A7A3795C05}.Release|iPhoneSimulator.Build.0 = Release|iPhoneSimulator
		{3EF00DFB-5AAB-4A0F-8587-B7A7A3795C05}.Release|iPhoneSimulator.Deploy.0 = Release|iPhoneSimulator
		{3EF00DFB-5AAB-4A0F-8587-B7A7A3795C05}.Release|x64.ActiveCfg = Release|iPhone
		{3EF00DFB-5AAB-4A0F-8587-B7A7A3795C05}.Release|x64.Build.0 = Release|iPhone
		{3EF00DFB-5AAB-4A0F-8587-B7A7A3795C05}.Release|x64.Deploy.0 = Release|iPhone
		{3EF00DFB-5AAB-4A0F-8587-B7A7A3795C05}.Release|x86.ActiveCfg = Release|iPhone
		{3EF00DFB-5AAB-4A0F-8587-B7A7A3795C05}.Release|x86.Build.0 = Release|iPhone
		{3EF00DFB-5AAB-4A0F-8587-B7A7A3795C05}.Release|x86.Deploy.0 = Release|iPhone
		{E00F36A4-9928-428A-A048-81BE32729D21}.Ad-Hoc|Any CPU.ActiveCfg = Release|x86
		{E00F36A4-9928-428A-A048-81BE32729D21}.Ad-Hoc|Any CPU.Build.0 = Release|x86
		{E00F36A4-9928-428A-A048-81BE32729D21}.Ad-Hoc|Any CPU.Deploy.0 = Release|x86
		{E00F36A4-9928-428A-A048-81BE32729D21}.Ad-Hoc|ARM.ActiveCfg = Release|ARM
		{E00F36A4-9928-428A-A048-81BE32729D21}.Ad-Hoc|ARM.Build.0 = Release|ARM
		{E00F36A4-9928-428A-A048-81BE32729D21}.Ad-Hoc|ARM.Deploy.0 = Release|ARM
		{E00F36A4-9928-428A-A048-81BE32729D21}.Ad-Hoc|iPhone.ActiveCfg = Release|x86
		{E00F36A4-9928-428A-A048-81BE32729D21}.Ad-Hoc|iPhone.Build.0 = Release|x86
		{E00F36A4-9928-428A-A048-81BE32729D21}.Ad-Hoc|iPhone.Deploy.0 = Release|x86
		{E00F36A4-9928-428A-A048-81BE32729D21}.Ad-Hoc|iPhoneSimulator.ActiveCfg = Release|x86
		{E00F36A4-9928-428A-A048-81BE32729D21}.Ad-Hoc|iPhoneSimulator.Build.0 = Release|x86
		{E00F36A4-9928-428A-A048-81BE32729D21}.Ad-Hoc|iPhoneSimulator.Deploy.0 = Release|x86
		{E00F36A4-9928-428A-A048-81BE32729D21}.Ad-Hoc|x64.ActiveCfg = Release|x64
		{E00F36A4-9928-428A-A048-81BE32729D21}.Ad-Hoc|x64.Build.0 = Release|x64
		{E00F36A4-9928-428A-A048-81BE32729D21}.Ad-Hoc|x64.Deploy.0 = Release|x64
		{E00F36A4-9928-428A-A048-81BE32729D21}.Ad-Hoc|x86.ActiveCfg = Release|x86
		{E00F36A4-9928-428A-A048-81BE32729D21}.Ad-Hoc|x86.Build.0 = Release|x86
		{E00F36A4-9928-428A-A048-81BE32729D21}.Ad-Hoc|x86.Deploy.0 = Release|x86
		{E00F36A4-9928-428A-A048-81BE32729D21}.AppStore|Any CPU.ActiveCfg = Release|x86
		{E00F36A4-9928-428A-A048-81BE32729D21}.AppStore|Any CPU.Build.0 = Release|x86
		{E00F36A4-9928-428A-A048-81BE32729D21}.AppStore|Any CPU.Deploy.0 = Release|x86
		{E00F36A4-9928-428A-A048-81BE32729D21}.AppStore|ARM.ActiveCfg = Release|ARM
		{E00F36A4-9928-428A-A048-81BE32729D21}.AppStore|ARM.Build.0 = Release|ARM
		{E00F36A4-9928-428A-A048-81BE32729D21}.AppStore|ARM.Deploy.0 = Release|ARM
		{E00F36A4-9928-428A-A048-81BE32729D21}.AppStore|iPhone.ActiveCfg = Release|x86
		{E00F36A4-9928-428A-A048-81BE32729D21}.AppStore|iPhone.Build.0 = Release|x86
		{E00F36A4-9928-428A-A048-81BE32729D21}.AppStore|iPhone.Deploy.0 = Release|x86
		{E00F36A4-9928-428A-A048-81BE32729D21}.AppStore|iPhoneSimulator.ActiveCfg = Release|x86
		{E00F36A4-9928-428A-A048-81BE32729D21}.AppStore|iPhoneSimulator.Build.0 = Release|x86
		{E00F36A4-9928-428A-A048-81BE32729D21}.AppStore|iPhoneSimulator.Deploy.0 = Release|x86
		{E00F36A4-9928-428A-A048-81BE32729D21}.AppStore|x64.ActiveCfg = Release|x64
		{E00F36A4-9928-428A-A048-81BE32729D21}.AppStore|x64.Build.0 = Release|x64
		{E00F36A4-9928-428A-A048-81BE32729D21}.AppStore|x64.Deploy.0 = Release|x64
		{E00F36A4-9928-428A-A048-81BE32729D21}.AppStore|x86.ActiveCfg = Release|x86
		{E00F36A4-9928-428A-A048-81BE32729D21}.AppStore|x86.Build.0 = Release|x86
		{E00F36A4-9928-428A-A048-81BE32729D21}.AppStore|x86.Deploy.0 = Release|x86
		{E00F36A4-9928-428A-A048-81BE32729D21}.Debug|Any CPU.ActiveCfg = Debug|x86
		{E00F36A4-9928-428A-A048-81BE32729D21}.Debug|Any CPU.Build.0 = Debug|x86
		{E00F36A4-9928-428A-A048-81BE32729D21}.Debug|Any CPU.Deploy.0 = Debug|x86
		{E00F36A4-9928-428A-A048-81BE32729D21}.Debug|ARM.ActiveCfg = Debug|ARM
		{E00F36A4-9928-428A-A048-81BE32729D21}.Debug|ARM.Build.0 = Debug|ARM
		{E00F36A4-9928-428A-A048-81BE32729D21}.Debug|ARM.Deploy.0 = Debug|ARM
		{E00F36A4-9928-428A-A048-81BE32729D21}.Debug|iPhone.ActiveCfg = Debug|x86
		{E00F36A4-9928-428A-A048-81BE32729D21}.Debug|iPhone.Build.0 = Debug|x86
		{E00F36A4-9928-428A-A048-81BE32729D21}.Debug|iPhone.Deploy.0 = Debug|x86
		{E00F36A4-9928-428A-A048-81BE32729D21}.Debug|iPhoneSimulator.ActiveCfg = Debug|x86
		{E00F36A4-9928-428A-A048-81BE32729D21}.Debug|iPhoneSimulator.Build.0 = Debug|x86
		{E00F36A4-9928-428A-A048-81BE32729D21}.Debug|iPhoneSimulator.Deploy.0 = Debug|x86
		{E00F36A4-9928-428A-A048-81BE32729D21}.Debug|x64.ActiveCfg = Debug|x64
		{E00F36A4-9928-428A-A048-81BE32729D21}.Debug|x64.Build.0 = Debug|x64
		{E00F36A4-9928-428A-A048-81BE32729D21}.Debug|x64.Deploy.0 = Debug|x64
		{E00F36A4-9928-428A-A048-81BE32729D21}.Debug|x86.ActiveCfg = Debug|x86
		{E00F36A4-9928-428A-A048-81BE32729D21}.Debug|x86.Build.0 = Debug|x86
		{E00F36A4-9928-428A-A048-81BE32729D21}.Debug|x86.Deploy.0 = Debug|x86
		{E00F36A4-9928-428A-A048-81BE32729D21}.Release|Any CPU.ActiveCfg = Release|x86
		{E00F36A4-9928-428A-A048-81BE32729D21}.Release|Any CPU.Build.0 = Release|x86
		{E00F36A4-9928-428A-A048-81BE32729D21}.Release|Any CPU.Deploy.0 = Release|x86
		{E00F36A4-9928-428A-A048-81BE32729D21}.Release|ARM.ActiveCfg = Release|ARM
		{E00F36A4-9928-428A-A048-81BE32729D21}.Release|ARM.Build.0 = Release|ARM
		{E00F36A4-9928-428A-A048-81BE32729D21}.Release|ARM.Deploy.0 = Release|ARM
		{E00F36A4-9928-428A-A048-81BE32729D21}.Release|iPhone.ActiveCfg = Release|x86
		{E00F36A4-9928-428A-A048-81BE32729D21}.Release|iPhone.Build.0 = Release|x86
		{E00F36A4-9928-428A-A048-81BE32729D21}.Release|iPhone.Deploy.0 = Release|x86
		{E00F36A4-9928-428A-A048-81BE32729D21}.Release|iPhoneSimulator.ActiveCfg = Release|x86
		{E00F36A4-9928-428A-A048-81BE32729D21}.Release|iPhoneSimulator.Build.0 = Release|x86
		{E00F36A4-9928-428A-A048-81BE32729D21}.Release|iPhoneSimulator.Deploy.0 = Release|x86
		{E00F36A4-9928-428A-A048-81BE32729D21}.Release|x64.ActiveCfg = Release|x64
		{E00F36A4-9928-428A-A048-81BE32729D21}.Release|x64.Build.0 = Release|x64
		{E00F36A4-9928-428A-A048-81BE32729D21}.Release|x64.Deploy.0 = Release|x64
		{E00F36A4-9928-428A-A048-81BE32729D21}.Release|x86.ActiveCfg = Release|x86
		{E00F36A4-9928-428A-A048-81BE32729D21}.Release|x86.Build.0 = Release|x86
		{E00F36A4-9928-428A-A048-81BE32729D21}.Release|x86.Deploy.0 = Release|x86
		{08B7454B-5878-40D1-9B39-B605AC2E384F}.Ad-Hoc|Any CPU.ActiveCfg = Debug|Any CPU
		{08B7454B-5878-40D1-9B39-B605AC2E384F}.Ad-Hoc|Any CPU.Build.0 = Debug|Any CPU
		{08B7454B-5878-40D1-9B39-B605AC2E384F}.Ad-Hoc|Any CPU.Deploy.0 = Debug|Any CPU
		{08B7454B-5878-40D1-9B39-B605AC2E384F}.Ad-Hoc|ARM.ActiveCfg = Debug|Any CPU
		{08B7454B-5878-40D1-9B39-B605AC2E384F}.Ad-Hoc|ARM.Build.0 = Debug|Any CPU
		{08B7454B-5878-40D1-9B39-B605AC2E384F}.Ad-Hoc|ARM.Deploy.0 = Debug|Any CPU
		{08B7454B-5878-40D1-9B39-B605AC2E384F}.Ad-Hoc|iPhone.ActiveCfg = Debug|Any CPU
		{08B7454B-5878-40D1-9B39-B605AC2E384F}.Ad-Hoc|iPhone.Build.0 = Debug|Any CPU
		{08B7454B-5878-40D1-9B39-B605AC2E384F}.Ad-Hoc|iPhone.Deploy.0 = Debug|Any CPU
		{08B7454B-5878-40D1-9B39-B605AC2E384F}.Ad-Hoc|iPhoneSimulator.ActiveCfg = Debug|Any CPU
		{08B7454B-5878-40D1-9B39-B605AC2E384F}.Ad-Hoc|iPhoneSimulator.Build.0 = Debug|Any CPU
		{08B7454B-5878-40D1-9B39-B605AC2E384F}.Ad-Hoc|iPhoneSimulator.Deploy.0 = Debug|Any CPU
		{08B7454B-5878-40D1-9B39-B605AC2E384F}.Ad-Hoc|x64.ActiveCfg = Debug|Any CPU
		{08B7454B-5878-40D1-9B39-B605AC2E384F}.Ad-Hoc|x64.Build.0 = Debug|Any CPU
		{08B7454B-5878-40D1-9B39-B605AC2E384F}.Ad-Hoc|x64.Deploy.0 = Debug|Any CPU
		{08B7454B-5878-40D1-9B39-B605AC2E384F}.Ad-Hoc|x86.ActiveCfg = Debug|Any CPU
		{08B7454B-5878-40D1-9B39-B605AC2E384F}.Ad-Hoc|x86.Build.0 = Debug|Any CPU
		{08B7454B-5878-40D1-9B39-B605AC2E384F}.Ad-Hoc|x86.Deploy.0 = Debug|Any CPU
		{08B7454B-5878-40D1-9B39-B605AC2E384F}.AppStore|Any CPU.ActiveCfg = Debug|Any CPU
		{08B7454B-5878-40D1-9B39-B605AC2E384F}.AppStore|Any CPU.Build.0 = Debug|Any CPU
		{08B7454B-5878-40D1-9B39-B605AC2E384F}.AppStore|Any CPU.Deploy.0 = Debug|Any CPU
		{08B7454B-5878-40D1-9B39-B605AC2E384F}.AppStore|ARM.ActiveCfg = Debug|Any CPU
		{08B7454B-5878-40D1-9B39-B605AC2E384F}.AppStore|ARM.Build.0 = Debug|Any CPU
		{08B7454B-5878-40D1-9B39-B605AC2E384F}.AppStore|ARM.Deploy.0 = Debug|Any CPU
		{08B7454B-5878-40D1-9B39-B605AC2E384F}.AppStore|iPhone.ActiveCfg = Debug|Any CPU
		{08B7454B-5878-40D1-9B39-B605AC2E384F}.AppStore|iPhone.Build.0 = Debug|Any CPU
		{08B7454B-5878-40D1-9B39-B605AC2E384F}.AppStore|iPhone.Deploy.0 = Debug|Any CPU
		{08B7454B-5878-40D1-9B39-B605AC2E384F}.AppStore|iPhoneSimulator.ActiveCfg = Debug|Any CPU
		{08B7454B-5878-40D1-9B39-B605AC2E384F}.AppStore|iPhoneSimulator.Build.0 = Debug|Any CPU
		{08B7454B-5878-40D1-9B39-B605AC2E384F}.AppStore|iPhoneSimulator.Deploy.0 = Debug|Any CPU
		{08B7454B-5878-40D1-9B39-B605AC2E384F}.AppStore|x64.ActiveCfg = Debug|Any CPU
		{08B7454B-5878-40D1-9B39-B605AC2E384F}.AppStore|x64.Build.0 = Debug|Any CPU
		{08B7454B-5878-40D1-9B39-B605AC2E384F}.AppStore|x64.Deploy.0 = Debug|Any CPU
		{08B7454B-5878-40D1-9B39-B605AC2E384F}.AppStore|x86.ActiveCfg = Debug|Any CPU
		{08B7454B-5878-40D1-9B39-B605AC2E384F}.AppStore|x86.Build.0 = Debug|Any CPU
		{08B7454B-5878-40D1-9B39-B605AC2E384F}.AppStore|x86.Deploy.0 = Debug|Any CPU
		{08B7454B-5878-40D1-9B39-B605AC2E384F}.Debug|Any CPU.ActiveCfg = Debug|Any CPU
		{08B7454B-5878-40D1-9B39-B605AC2E384F}.Debug|Any CPU.Build.0 = Debug|Any CPU
		{08B7454B-5878-40D1-9B39-B605AC2E384F}.Debug|Any CPU.Deploy.0 = Debug|Any CPU
		{08B7454B-5878-40D1-9B39-B605AC2E384F}.Debug|ARM.ActiveCfg = Debug|Any CPU
		{08B7454B-5878-40D1-9B39-B605AC2E384F}.Debug|ARM.Build.0 = Debug|Any CPU
		{08B7454B-5878-40D1-9B39-B605AC2E384F}.Debug|ARM.Deploy.0 = Debug|Any CPU
		{08B7454B-5878-40D1-9B39-B605AC2E384F}.Debug|iPhone.ActiveCfg = Debug|Any CPU
		{08B7454B-5878-40D1-9B39-B605AC2E384F}.Debug|iPhone.Build.0 = Debug|Any CPU
		{08B7454B-5878-40D1-9B39-B605AC2E384F}.Debug|iPhone.Deploy.0 = Debug|Any CPU
		{08B7454B-5878-40D1-9B39-B605AC2E384F}.Debug|iPhoneSimulator.ActiveCfg = Debug|Any CPU
		{08B7454B-5878-40D1-9B39-B605AC2E384F}.Debug|iPhoneSimulator.Build.0 = Debug|Any CPU
		{08B7454B-5878-40D1-9B39-B605AC2E384F}.Debug|iPhoneSimulator.Deploy.0 = Debug|Any CPU
		{08B7454B-5878-40D1-9B39-B605AC2E384F}.Debug|x64.ActiveCfg = Debug|Any CPU
		{08B7454B-5878-40D1-9B39-B605AC2E384F}.Debug|x64.Build.0 = Debug|Any CPU
		{08B7454B-5878-40D1-9B39-B605AC2E384F}.Debug|x64.Deploy.0 = Debug|Any CPU
		{08B7454B-5878-40D1-9B39-B605AC2E384F}.Debug|x86.ActiveCfg = Debug|Any CPU
		{08B7454B-5878-40D1-9B39-B605AC2E384F}.Debug|x86.Build.0 = Debug|Any CPU
		{08B7454B-5878-40D1-9B39-B605AC2E384F}.Debug|x86.Deploy.0 = Debug|Any CPU
		{08B7454B-5878-40D1-9B39-B605AC2E384F}.Release|Any CPU.ActiveCfg = Release|Any CPU
		{08B7454B-5878-40D1-9B39-B605AC2E384F}.Release|Any CPU.Build.0 = Release|Any CPU
		{08B7454B-5878-40D1-9B39-B605AC2E384F}.Release|Any CPU.Deploy.0 = Release|Any CPU
		{08B7454B-5878-40D1-9B39-B605AC2E384F}.Release|ARM.ActiveCfg = Release|Any CPU
		{08B7454B-5878-40D1-9B39-B605AC2E384F}.Release|ARM.Build.0 = Release|Any CPU
		{08B7454B-5878-40D1-9B39-B605AC2E384F}.Release|ARM.Deploy.0 = Release|Any CPU
		{08B7454B-5878-40D1-9B39-B605AC2E384F}.Release|iPhone.ActiveCfg = Release|Any CPU
		{08B7454B-5878-40D1-9B39-B605AC2E384F}.Release|iPhone.Build.0 = Release|Any CPU
		{08B7454B-5878-40D1-9B39-B605AC2E384F}.Release|iPhone.Deploy.0 = Release|Any CPU
		{08B7454B-5878-40D1-9B39-B605AC2E384F}.Release|iPhoneSimulator.ActiveCfg = Release|Any CPU
		{08B7454B-5878-40D1-9B39-B605AC2E384F}.Release|iPhoneSimulator.Build.0 = Release|Any CPU
		{08B7454B-5878-40D1-9B39-B605AC2E384F}.Release|iPhoneSimulator.Deploy.0 = Release|Any CPU
		{08B7454B-5878-40D1-9B39-B605AC2E384F}.Release|x64.ActiveCfg = Release|Any CPU
		{08B7454B-5878-40D1-9B39-B605AC2E384F}.Release|x64.Build.0 = Release|Any CPU
		{08B7454B-5878-40D1-9B39-B605AC2E384F}.Release|x64.Deploy.0 = Release|Any CPU
		{08B7454B-5878-40D1-9B39-B605AC2E384F}.Release|x86.ActiveCfg = Release|Any CPU
		{08B7454B-5878-40D1-9B39-B605AC2E384F}.Release|x86.Build.0 = Release|Any CPU
		{08B7454B-5878-40D1-9B39-B605AC2E384F}.Release|x86.Deploy.0 = Release|Any CPU
		{D7A2F450-1773-47C5-A231-3A8E9357B510}.Ad-Hoc|Any CPU.ActiveCfg = Release|Any CPU
		{D7A2F450-1773-47C5-A231-3A8E9357B510}.Ad-Hoc|Any CPU.Build.0 = Release|Any CPU
		{D7A2F450-1773-47C5-A231-3A8E9357B510}.Ad-Hoc|ARM.ActiveCfg = Release|Any CPU
		{D7A2F450-1773-47C5-A231-3A8E9357B510}.Ad-Hoc|ARM.Build.0 = Release|Any CPU
		{D7A2F450-1773-47C5-A231-3A8E9357B510}.Ad-Hoc|iPhone.ActiveCfg = Release|Any CPU
		{D7A2F450-1773-47C5-A231-3A8E9357B510}.Ad-Hoc|iPhone.Build.0 = Release|Any CPU
		{D7A2F450-1773-47C5-A231-3A8E9357B510}.Ad-Hoc|iPhoneSimulator.ActiveCfg = Release|Any CPU
		{D7A2F450-1773-47C5-A231-3A8E9357B510}.Ad-Hoc|iPhoneSimulator.Build.0 = Release|Any CPU
		{D7A2F450-1773-47C5-A231-3A8E9357B510}.Ad-Hoc|x64.ActiveCfg = Release|Any CPU
		{D7A2F450-1773-47C5-A231-3A8E9357B510}.Ad-Hoc|x64.Build.0 = Release|Any CPU
		{D7A2F450-1773-47C5-A231-3A8E9357B510}.Ad-Hoc|x86.ActiveCfg = Release|Any CPU
		{D7A2F450-1773-47C5-A231-3A8E9357B510}.Ad-Hoc|x86.Build.0 = Release|Any CPU
		{D7A2F450-1773-47C5-A231-3A8E9357B510}.AppStore|Any CPU.ActiveCfg = Release|Any CPU
		{D7A2F450-1773-47C5-A231-3A8E9357B510}.AppStore|Any CPU.Build.0 = Release|Any CPU
		{D7A2F450-1773-47C5-A231-3A8E9357B510}.AppStore|ARM.ActiveCfg = Release|Any CPU
		{D7A2F450-1773-47C5-A231-3A8E9357B510}.AppStore|ARM.Build.0 = Release|Any CPU
		{D7A2F450-1773-47C5-A231-3A8E9357B510}.AppStore|iPhone.ActiveCfg = Release|Any CPU
		{D7A2F450-1773-47C5-A231-3A8E9357B510}.AppStore|iPhone.Build.0 = Release|Any CPU
		{D7A2F450-1773-47C5-A231-3A8E9357B510}.AppStore|iPhoneSimulator.ActiveCfg = Release|Any CPU
		{D7A2F450-1773-47C5-A231-3A8E9357B510}.AppStore|iPhoneSimulator.Build.0 = Release|Any CPU
		{D7A2F450-1773-47C5-A231-3A8E9357B510}.AppStore|x64.ActiveCfg = Release|Any CPU
		{D7A2F450-1773-47C5-A231-3A8E9357B510}.AppStore|x64.Build.0 = Release|Any CPU
		{D7A2F450-1773-47C5-A231-3A8E9357B510}.AppStore|x86.ActiveCfg = Release|Any CPU
		{D7A2F450-1773-47C5-A231-3A8E9357B510}.AppStore|x86.Build.0 = Release|Any CPU
		{D7A2F450-1773-47C5-A231-3A8E9357B510}.Debug|Any CPU.ActiveCfg = Debug|Any CPU
		{D7A2F450-1773-47C5-A231-3A8E9357B510}.Debug|Any CPU.Build.0 = Debug|Any CPU
		{D7A2F450-1773-47C5-A231-3A8E9357B510}.Debug|ARM.ActiveCfg = Debug|Any CPU
		{D7A2F450-1773-47C5-A231-3A8E9357B510}.Debug|ARM.Build.0 = Debug|Any CPU
		{D7A2F450-1773-47C5-A231-3A8E9357B510}.Debug|iPhone.ActiveCfg = Debug|Any CPU
		{D7A2F450-1773-47C5-A231-3A8E9357B510}.Debug|iPhone.Build.0 = Debug|Any CPU
		{D7A2F450-1773-47C5-A231-3A8E9357B510}.Debug|iPhoneSimulator.ActiveCfg = Debug|Any CPU
		{D7A2F450-1773-47C5-A231-3A8E9357B510}.Debug|iPhoneSimulator.Build.0 = Debug|Any CPU
		{D7A2F450-1773-47C5-A231-3A8E9357B510}.Debug|x64.ActiveCfg = Debug|Any CPU
		{D7A2F450-1773-47C5-A231-3A8E9357B510}.Debug|x64.Build.0 = Debug|Any CPU
		{D7A2F450-1773-47C5-A231-3A8E9357B510}.Debug|x86.ActiveCfg = Debug|Any CPU
		{D7A2F450-1773-47C5-A231-3A8E9357B510}.Debug|x86.Build.0 = Debug|Any CPU
		{D7A2F450-1773-47C5-A231-3A8E9357B510}.Release|Any CPU.ActiveCfg = Release|Any CPU
		{D7A2F450-1773-47C5-A231-3A8E9357B510}.Release|Any CPU.Build.0 = Release|Any CPU
		{D7A2F450-1773-47C5-A231-3A8E9357B510}.Release|ARM.ActiveCfg = Release|Any CPU
		{D7A2F450-1773-47C5-A231-3A8E9357B510}.Release|ARM.Build.0 = Release|Any CPU
		{D7A2F450-1773-47C5-A231-3A8E9357B510}.Release|iPhone.ActiveCfg = Release|Any CPU
		{D7A2F450-1773-47C5-A231-3A8E9357B510}.Release|iPhone.Build.0 = Release|Any CPU
		{D7A2F450-1773-47C5-A231-3A8E9357B510}.Release|iPhoneSimulator.ActiveCfg = Release|Any CPU
		{D7A2F450-1773-47C5-A231-3A8E9357B510}.Release|iPhoneSimulator.Build.0 = Release|Any CPU
		{D7A2F450-1773-47C5-A231-3A8E9357B510}.Release|x64.ActiveCfg = Release|Any CPU
		{D7A2F450-1773-47C5-A231-3A8E9357B510}.Release|x64.Build.0 = Release|Any CPU
		{D7A2F450-1773-47C5-A231-3A8E9357B510}.Release|x86.ActiveCfg = Release|Any CPU
		{D7A2F450-1773-47C5-A231-3A8E9357B510}.Release|x86.Build.0 = Release|Any CPU
		{9F3E8317-CA4B-4215-95EC-449F61012019}.Ad-Hoc|Any CPU.ActiveCfg = Release|Any CPU
		{9F3E8317-CA4B-4215-95EC-449F61012019}.Ad-Hoc|Any CPU.Build.0 = Release|Any CPU
		{9F3E8317-CA4B-4215-95EC-449F61012019}.Ad-Hoc|ARM.ActiveCfg = Release|Any CPU
		{9F3E8317-CA4B-4215-95EC-449F61012019}.Ad-Hoc|ARM.Build.0 = Release|Any CPU
		{9F3E8317-CA4B-4215-95EC-449F61012019}.Ad-Hoc|iPhone.ActiveCfg = Release|Any CPU
		{9F3E8317-CA4B-4215-95EC-449F61012019}.Ad-Hoc|iPhone.Build.0 = Release|Any CPU
		{9F3E8317-CA4B-4215-95EC-449F61012019}.Ad-Hoc|iPhoneSimulator.ActiveCfg = Release|Any CPU
		{9F3E8317-CA4B-4215-95EC-449F61012019}.Ad-Hoc|iPhoneSimulator.Build.0 = Release|Any CPU
		{9F3E8317-CA4B-4215-95EC-449F61012019}.Ad-Hoc|x64.ActiveCfg = Release|Any CPU
		{9F3E8317-CA4B-4215-95EC-449F61012019}.Ad-Hoc|x64.Build.0 = Release|Any CPU
		{9F3E8317-CA4B-4215-95EC-449F61012019}.Ad-Hoc|x86.ActiveCfg = Release|Any CPU
		{9F3E8317-CA4B-4215-95EC-449F61012019}.Ad-Hoc|x86.Build.0 = Release|Any CPU
		{9F3E8317-CA4B-4215-95EC-449F61012019}.AppStore|Any CPU.ActiveCfg = Release|Any CPU
		{9F3E8317-CA4B-4215-95EC-449F61012019}.AppStore|Any CPU.Build.0 = Release|Any CPU
		{9F3E8317-CA4B-4215-95EC-449F61012019}.AppStore|ARM.ActiveCfg = Release|Any CPU
		{9F3E8317-CA4B-4215-95EC-449F61012019}.AppStore|ARM.Build.0 = Release|Any CPU
		{9F3E8317-CA4B-4215-95EC-449F61012019}.AppStore|iPhone.ActiveCfg = Release|Any CPU
		{9F3E8317-CA4B-4215-95EC-449F61012019}.AppStore|iPhone.Build.0 = Release|Any CPU
		{9F3E8317-CA4B-4215-95EC-449F61012019}.AppStore|iPhoneSimulator.ActiveCfg = Release|Any CPU
		{9F3E8317-CA4B-4215-95EC-449F61012019}.AppStore|iPhoneSimulator.Build.0 = Release|Any CPU
		{9F3E8317-CA4B-4215-95EC-449F61012019}.AppStore|x64.ActiveCfg = Release|Any CPU
		{9F3E8317-CA4B-4215-95EC-449F61012019}.AppStore|x64.Build.0 = Release|Any CPU
		{9F3E8317-CA4B-4215-95EC-449F61012019}.AppStore|x86.ActiveCfg = Release|Any CPU
		{9F3E8317-CA4B-4215-95EC-449F61012019}.AppStore|x86.Build.0 = Release|Any CPU
		{9F3E8317-CA4B-4215-95EC-449F61012019}.Debug|Any CPU.ActiveCfg = Debug|Any CPU
		{9F3E8317-CA4B-4215-95EC-449F61012019}.Debug|Any CPU.Build.0 = Debug|Any CPU
		{9F3E8317-CA4B-4215-95EC-449F61012019}.Debug|ARM.ActiveCfg = Debug|Any CPU
		{9F3E8317-CA4B-4215-95EC-449F61012019}.Debug|ARM.Build.0 = Debug|Any CPU
		{9F3E8317-CA4B-4215-95EC-449F61012019}.Debug|iPhone.ActiveCfg = Debug|Any CPU
		{9F3E8317-CA4B-4215-95EC-449F61012019}.Debug|iPhone.Build.0 = Debug|Any CPU
		{9F3E8317-CA4B-4215-95EC-449F61012019}.Debug|iPhoneSimulator.ActiveCfg = Debug|Any CPU
		{9F3E8317-CA4B-4215-95EC-449F61012019}.Debug|iPhoneSimulator.Build.0 = Debug|Any CPU
		{9F3E8317-CA4B-4215-95EC-449F61012019}.Debug|x64.ActiveCfg = Debug|Any CPU
		{9F3E8317-CA4B-4215-95EC-449F61012019}.Debug|x64.Build.0 = Debug|Any CPU
		{9F3E8317-CA4B-4215-95EC-449F61012019}.Debug|x86.ActiveCfg = Debug|Any CPU
		{9F3E8317-CA4B-4215-95EC-449F61012019}.Debug|x86.Build.0 = Debug|Any CPU
		{9F3E8317-CA4B-4215-95EC-449F61012019}.Release|Any CPU.ActiveCfg = Release|Any CPU
		{9F3E8317-CA4B-4215-95EC-449F61012019}.Release|Any CPU.Build.0 = Release|Any CPU
		{9F3E8317-CA4B-4215-95EC-449F61012019}.Release|ARM.ActiveCfg = Release|Any CPU
		{9F3E8317-CA4B-4215-95EC-449F61012019}.Release|ARM.Build.0 = Release|Any CPU
		{9F3E8317-CA4B-4215-95EC-449F61012019}.Release|iPhone.ActiveCfg = Release|Any CPU
		{9F3E8317-CA4B-4215-95EC-449F61012019}.Release|iPhone.Build.0 = Release|Any CPU
		{9F3E8317-CA4B-4215-95EC-449F61012019}.Release|iPhoneSimulator.ActiveCfg = Release|Any CPU
		{9F3E8317-CA4B-4215-95EC-449F61012019}.Release|iPhoneSimulator.Build.0 = Release|Any CPU
		{9F3E8317-CA4B-4215-95EC-449F61012019}.Release|x64.ActiveCfg = Release|Any CPU
		{9F3E8317-CA4B-4215-95EC-449F61012019}.Release|x64.Build.0 = Release|Any CPU
		{9F3E8317-CA4B-4215-95EC-449F61012019}.Release|x86.ActiveCfg = Release|Any CPU
		{9F3E8317-CA4B-4215-95EC-449F61012019}.Release|x86.Build.0 = Release|Any CPU
		{F75088CA-4856-4EE4-9A12-BDFB18CE47EF}.Ad-Hoc|Any CPU.ActiveCfg = Release|Any CPU
		{F75088CA-4856-4EE4-9A12-BDFB18CE47EF}.Ad-Hoc|Any CPU.Build.0 = Release|Any CPU
		{F75088CA-4856-4EE4-9A12-BDFB18CE47EF}.Ad-Hoc|ARM.ActiveCfg = Release|Any CPU
		{F75088CA-4856-4EE4-9A12-BDFB18CE47EF}.Ad-Hoc|ARM.Build.0 = Release|Any CPU
		{F75088CA-4856-4EE4-9A12-BDFB18CE47EF}.Ad-Hoc|iPhone.ActiveCfg = Release|Any CPU
		{F75088CA-4856-4EE4-9A12-BDFB18CE47EF}.Ad-Hoc|iPhone.Build.0 = Release|Any CPU
		{F75088CA-4856-4EE4-9A12-BDFB18CE47EF}.Ad-Hoc|iPhoneSimulator.ActiveCfg = Release|Any CPU
		{F75088CA-4856-4EE4-9A12-BDFB18CE47EF}.Ad-Hoc|iPhoneSimulator.Build.0 = Release|Any CPU
		{F75088CA-4856-4EE4-9A12-BDFB18CE47EF}.Ad-Hoc|x64.ActiveCfg = Release|Any CPU
		{F75088CA-4856-4EE4-9A12-BDFB18CE47EF}.Ad-Hoc|x64.Build.0 = Release|Any CPU
		{F75088CA-4856-4EE4-9A12-BDFB18CE47EF}.Ad-Hoc|x86.ActiveCfg = Release|Any CPU
		{F75088CA-4856-4EE4-9A12-BDFB18CE47EF}.Ad-Hoc|x86.Build.0 = Release|Any CPU
		{F75088CA-4856-4EE4-9A12-BDFB18CE47EF}.AppStore|Any CPU.ActiveCfg = Release|Any CPU
		{F75088CA-4856-4EE4-9A12-BDFB18CE47EF}.AppStore|Any CPU.Build.0 = Release|Any CPU
		{F75088CA-4856-4EE4-9A12-BDFB18CE47EF}.AppStore|ARM.ActiveCfg = Release|Any CPU
		{F75088CA-4856-4EE4-9A12-BDFB18CE47EF}.AppStore|ARM.Build.0 = Release|Any CPU
		{F75088CA-4856-4EE4-9A12-BDFB18CE47EF}.AppStore|iPhone.ActiveCfg = Release|Any CPU
		{F75088CA-4856-4EE4-9A12-BDFB18CE47EF}.AppStore|iPhone.Build.0 = Release|Any CPU
		{F75088CA-4856-4EE4-9A12-BDFB18CE47EF}.AppStore|iPhoneSimulator.ActiveCfg = Release|Any CPU
		{F75088CA-4856-4EE4-9A12-BDFB18CE47EF}.AppStore|iPhoneSimulator.Build.0 = Release|Any CPU
		{F75088CA-4856-4EE4-9A12-BDFB18CE47EF}.AppStore|x64.ActiveCfg = Release|Any CPU
		{F75088CA-4856-4EE4-9A12-BDFB18CE47EF}.AppStore|x64.Build.0 = Release|Any CPU
		{F75088CA-4856-4EE4-9A12-BDFB18CE47EF}.AppStore|x86.ActiveCfg = Release|Any CPU
		{F75088CA-4856-4EE4-9A12-BDFB18CE47EF}.AppStore|x86.Build.0 = Release|Any CPU
		{F75088CA-4856-4EE4-9A12-BDFB18CE47EF}.Debug|Any CPU.ActiveCfg = Debug|Any CPU
		{F75088CA-4856-4EE4-9A12-BDFB18CE47EF}.Debug|Any CPU.Build.0 = Debug|Any CPU
		{F75088CA-4856-4EE4-9A12-BDFB18CE47EF}.Debug|ARM.ActiveCfg = Debug|Any CPU
		{F75088CA-4856-4EE4-9A12-BDFB18CE47EF}.Debug|ARM.Build.0 = Debug|Any CPU
		{F75088CA-4856-4EE4-9A12-BDFB18CE47EF}.Debug|iPhone.ActiveCfg = Debug|Any CPU
		{F75088CA-4856-4EE4-9A12-BDFB18CE47EF}.Debug|iPhone.Build.0 = Debug|Any CPU
		{F75088CA-4856-4EE4-9A12-BDFB18CE47EF}.Debug|iPhoneSimulator.ActiveCfg = Debug|Any CPU
		{F75088CA-4856-4EE4-9A12-BDFB18CE47EF}.Debug|iPhoneSimulator.Build.0 = Debug|Any CPU
		{F75088CA-4856-4EE4-9A12-BDFB18CE47EF}.Debug|x64.ActiveCfg = Debug|Any CPU
		{F75088CA-4856-4EE4-9A12-BDFB18CE47EF}.Debug|x64.Build.0 = Debug|Any CPU
		{F75088CA-4856-4EE4-9A12-BDFB18CE47EF}.Debug|x86.ActiveCfg = Debug|Any CPU
		{F75088CA-4856-4EE4-9A12-BDFB18CE47EF}.Debug|x86.Build.0 = Debug|Any CPU
		{F75088CA-4856-4EE4-9A12-BDFB18CE47EF}.Release|Any CPU.ActiveCfg = Release|Any CPU
		{F75088CA-4856-4EE4-9A12-BDFB18CE47EF}.Release|Any CPU.Build.0 = Release|Any CPU
		{F75088CA-4856-4EE4-9A12-BDFB18CE47EF}.Release|ARM.ActiveCfg = Release|Any CPU
		{F75088CA-4856-4EE4-9A12-BDFB18CE47EF}.Release|ARM.Build.0 = Release|Any CPU
		{F75088CA-4856-4EE4-9A12-BDFB18CE47EF}.Release|iPhone.ActiveCfg = Release|Any CPU
		{F75088CA-4856-4EE4-9A12-BDFB18CE47EF}.Release|iPhone.Build.0 = Release|Any CPU
		{F75088CA-4856-4EE4-9A12-BDFB18CE47EF}.Release|iPhoneSimulator.ActiveCfg = Release|Any CPU
		{F75088CA-4856-4EE4-9A12-BDFB18CE47EF}.Release|iPhoneSimulator.Build.0 = Release|Any CPU
		{F75088CA-4856-4EE4-9A12-BDFB18CE47EF}.Release|x64.ActiveCfg = Release|Any CPU
		{F75088CA-4856-4EE4-9A12-BDFB18CE47EF}.Release|x64.Build.0 = Release|Any CPU
		{F75088CA-4856-4EE4-9A12-BDFB18CE47EF}.Release|x86.ActiveCfg = Release|Any CPU
		{F75088CA-4856-4EE4-9A12-BDFB18CE47EF}.Release|x86.Build.0 = Release|Any CPU
		{8A63ADB3-3F55-4B28-9C0A-1287796B93BA}.Ad-Hoc|Any CPU.ActiveCfg = Release|Any CPU
		{8A63ADB3-3F55-4B28-9C0A-1287796B93BA}.Ad-Hoc|Any CPU.Build.0 = Release|Any CPU
		{8A63ADB3-3F55-4B28-9C0A-1287796B93BA}.Ad-Hoc|ARM.ActiveCfg = Release|Any CPU
		{8A63ADB3-3F55-4B28-9C0A-1287796B93BA}.Ad-Hoc|ARM.Build.0 = Release|Any CPU
		{8A63ADB3-3F55-4B28-9C0A-1287796B93BA}.Ad-Hoc|iPhone.ActiveCfg = Release|Any CPU
		{8A63ADB3-3F55-4B28-9C0A-1287796B93BA}.Ad-Hoc|iPhone.Build.0 = Release|Any CPU
		{8A63ADB3-3F55-4B28-9C0A-1287796B93BA}.Ad-Hoc|iPhoneSimulator.ActiveCfg = Release|Any CPU
		{8A63ADB3-3F55-4B28-9C0A-1287796B93BA}.Ad-Hoc|iPhoneSimulator.Build.0 = Release|Any CPU
		{8A63ADB3-3F55-4B28-9C0A-1287796B93BA}.Ad-Hoc|x64.ActiveCfg = Release|Any CPU
		{8A63ADB3-3F55-4B28-9C0A-1287796B93BA}.Ad-Hoc|x64.Build.0 = Release|Any CPU
		{8A63ADB3-3F55-4B28-9C0A-1287796B93BA}.Ad-Hoc|x86.ActiveCfg = Release|Any CPU
		{8A63ADB3-3F55-4B28-9C0A-1287796B93BA}.Ad-Hoc|x86.Build.0 = Release|Any CPU
		{8A63ADB3-3F55-4B28-9C0A-1287796B93BA}.AppStore|Any CPU.ActiveCfg = Release|Any CPU
		{8A63ADB3-3F55-4B28-9C0A-1287796B93BA}.AppStore|Any CPU.Build.0 = Release|Any CPU
		{8A63ADB3-3F55-4B28-9C0A-1287796B93BA}.AppStore|ARM.ActiveCfg = Release|Any CPU
		{8A63ADB3-3F55-4B28-9C0A-1287796B93BA}.AppStore|ARM.Build.0 = Release|Any CPU
		{8A63ADB3-3F55-4B28-9C0A-1287796B93BA}.AppStore|iPhone.ActiveCfg = Release|Any CPU
		{8A63ADB3-3F55-4B28-9C0A-1287796B93BA}.AppStore|iPhone.Build.0 = Release|Any CPU
		{8A63ADB3-3F55-4B28-9C0A-1287796B93BA}.AppStore|iPhoneSimulator.ActiveCfg = Release|Any CPU
		{8A63ADB3-3F55-4B28-9C0A-1287796B93BA}.AppStore|iPhoneSimulator.Build.0 = Release|Any CPU
		{8A63ADB3-3F55-4B28-9C0A-1287796B93BA}.AppStore|x64.ActiveCfg = Release|Any CPU
		{8A63ADB3-3F55-4B28-9C0A-1287796B93BA}.AppStore|x64.Build.0 = Release|Any CPU
		{8A63ADB3-3F55-4B28-9C0A-1287796B93BA}.AppStore|x86.ActiveCfg = Release|Any CPU
		{8A63ADB3-3F55-4B28-9C0A-1287796B93BA}.AppStore|x86.Build.0 = Release|Any CPU
		{8A63ADB3-3F55-4B28-9C0A-1287796B93BA}.Debug|Any CPU.ActiveCfg = Debug|Any CPU
		{8A63ADB3-3F55-4B28-9C0A-1287796B93BA}.Debug|Any CPU.Build.0 = Debug|Any CPU
		{8A63ADB3-3F55-4B28-9C0A-1287796B93BA}.Debug|ARM.ActiveCfg = Debug|Any CPU
		{8A63ADB3-3F55-4B28-9C0A-1287796B93BA}.Debug|ARM.Build.0 = Debug|Any CPU
		{8A63ADB3-3F55-4B28-9C0A-1287796B93BA}.Debug|iPhone.ActiveCfg = Debug|Any CPU
		{8A63ADB3-3F55-4B28-9C0A-1287796B93BA}.Debug|iPhone.Build.0 = Debug|Any CPU
		{8A63ADB3-3F55-4B28-9C0A-1287796B93BA}.Debug|iPhoneSimulator.ActiveCfg = Debug|Any CPU
		{8A63ADB3-3F55-4B28-9C0A-1287796B93BA}.Debug|iPhoneSimulator.Build.0 = Debug|Any CPU
		{8A63ADB3-3F55-4B28-9C0A-1287796B93BA}.Debug|x64.ActiveCfg = Debug|Any CPU
		{8A63ADB3-3F55-4B28-9C0A-1287796B93BA}.Debug|x64.Build.0 = Debug|Any CPU
		{8A63ADB3-3F55-4B28-9C0A-1287796B93BA}.Debug|x86.ActiveCfg = Debug|Any CPU
		{8A63ADB3-3F55-4B28-9C0A-1287796B93BA}.Debug|x86.Build.0 = Debug|Any CPU
		{8A63ADB3-3F55-4B28-9C0A-1287796B93BA}.Release|Any CPU.ActiveCfg = Release|Any CPU
		{8A63ADB3-3F55-4B28-9C0A-1287796B93BA}.Release|Any CPU.Build.0 = Release|Any CPU
		{8A63ADB3-3F55-4B28-9C0A-1287796B93BA}.Release|ARM.ActiveCfg = Release|Any CPU
		{8A63ADB3-3F55-4B28-9C0A-1287796B93BA}.Release|ARM.Build.0 = Release|Any CPU
		{8A63ADB3-3F55-4B28-9C0A-1287796B93BA}.Release|iPhone.ActiveCfg = Release|Any CPU
		{8A63ADB3-3F55-4B28-9C0A-1287796B93BA}.Release|iPhone.Build.0 = Release|Any CPU
		{8A63ADB3-3F55-4B28-9C0A-1287796B93BA}.Release|iPhoneSimulator.ActiveCfg = Release|Any CPU
		{8A63ADB3-3F55-4B28-9C0A-1287796B93BA}.Release|iPhoneSimulator.Build.0 = Release|Any CPU
		{8A63ADB3-3F55-4B28-9C0A-1287796B93BA}.Release|x64.ActiveCfg = Release|Any CPU
		{8A63ADB3-3F55-4B28-9C0A-1287796B93BA}.Release|x64.Build.0 = Release|Any CPU
		{8A63ADB3-3F55-4B28-9C0A-1287796B93BA}.Release|x86.ActiveCfg = Release|Any CPU
		{8A63ADB3-3F55-4B28-9C0A-1287796B93BA}.Release|x86.Build.0 = Release|Any CPU
	EndGlobalSection
	GlobalSection(SolutionProperties) = preSolution
		HideSolutionNode = FALSE
	EndGlobalSection
	GlobalSection(ExtensibilityGlobals) = postSolution
		SolutionGuid = {243341E6-9E45-472A-B472-7F98750A530A}
	EndGlobalSection
EndGlobal
